
Microsoft Visual Studio Solution File, Format Version 12.00
# Visual Studio Version 16
VisualStudioVersion = 16.0.30225.117
MinimumVisualStudioVersion = 10.0.40219.1
Project("{FAE04EC0-301F-11D3-BF4B-00C04F79EFBC}") = "EnDecrypt", "EnDecrypt\EnDecrypt.csproj", "{0E207267-57D5-45E5-8975-606984511222}"
EndProject
Global
	GlobalSection(SolutionConfigurationPlatforms) = preSolution
		Debug|Any CPU = Debug|Any CPU
		Release|Any CPU = Release|Any CPU
	EndGlobalSection
	GlobalSection(ProjectConfigurationPlatforms) = postSolution
		{0E207267-57D5-45E5-8975-606984511222}.Debug|Any CPU.ActiveCfg = Debug|Any CPU
		{0E207267-57D5-45E5-8975-606984511222}.Debug|Any CPU.Build.0 = Debug|Any CPU
		{0E207267-57D5-45E5-8975-606984511222}.Release|Any CPU.ActiveCfg = Release|Any CPU
		{0E207267-57D5-45E5-8975-606984511222}.Release|Any CPU.Build.0 = Release|Any CPU
	EndGlobalSection
	GlobalSection(SolutionProperties) = preSolution
		HideSolutionNode = FALSE
	EndGlobalSection
	GlobalSection(ExtensibilityGlobals) = postSolution
		SolutionGuid = {344474AA-FDC3-42E6-87FC-6120587DC7F5}
	EndGlobalSection
EndGlobal
